
Microsoft Visual Studio Solution File, Format Version 12.00
# Visual Studio Version 17
VisualStudioVersion = 17.14.36221.1 d17.14
MinimumVisualStudioVersion = 10.0.40219.1
Project("{FAE04EC0-301F-11D3-BF4B-00C04F79EFBC}") = "Bettteralculator", "Bettteralculator\Bettteralculator.csproj", "{28722A42-15D5-4EE6-BE42-7A2D7A8E49C6}"
EndProject
Global
	GlobalSection(SolutionConfigurationPlatforms) = preSolution
		Debug|Any CPU = Debug|Any CPU
		Release|Any CPU = Release|Any CPU
	EndGlobalSection
	GlobalSection(ProjectConfigurationPlatforms) = postSolution
		{28722A42-15D5-4EE6-BE42-7A2D7A8E49C6}.Debug|Any CPU.ActiveCfg = Debug|Any CPU
		{28722A42-15D5-4EE6-BE42-7A2D7A8E49C6}.Debug|Any CPU.Build.0 = Debug|Any CPU
		{28722A42-15D5-4EE6-BE42-7A2D7A8E49C6}.Release|Any CPU.ActiveCfg = Release|Any CPU
		{28722A42-15D5-4EE6-BE42-7A2D7A8E49C6}.Release|Any CPU.Build.0 = Release|Any CPU
	EndGlobalSection
	GlobalSection(SolutionProperties) = preSolution
		HideSolutionNode = FALSE
	EndGlobalSection
	GlobalSection(ExtensibilityGlobals) = postSolution
		SolutionGuid = {49CC6C0C-5B81-47E7-8B4E-AE89BF07BC7D}
	EndGlobalSection
EndGlobal
